
Microsoft Visual Studio Solution File, Format Version 12.00
# Visual Studio Version 16
VisualStudioVersion = 16.0.37206.5
MinimumVisualStudioVersion = 10.0.40219.1
Project("{FAE04EC0-301F-11D3-BF4B-00C04F79EFBC}") = "TryCatchAssignment", "TryCatchAssignment\TryCatchAssignment.csproj", "{16376549-4CC6-40ED-AC0C-E0BC97344513}"
EndProject
Global
	GlobalSection(SolutionConfigurationPlatforms) = preSolution
		Debug|Any CPU = Debug|Any CPU
		Release|Any CPU = Release|Any CPU
	EndGlobalSection
	GlobalSection(ProjectConfigurationPlatforms) = postSolution
		{16376549-4CC6-40ED-AC0C-E0BC97344513}.Debug|Any CPU.ActiveCfg = Debug|Any CPU
		{16376549-4CC6-40ED-AC0C-E0BC97344513}.Debug|Any CPU.Build.0 = Debug|Any CPU
		{16376549-4CC6-40ED-AC0C-E0BC97344513}.Release|Any CPU.ActiveCfg = Release|Any CPU
		{16376549-4CC6-40ED-AC0C-E0BC97344513}.Release|Any CPU.Build.0 = Release|Any CPU
	EndGlobalSection
	GlobalSection(SolutionProperties) = preSolution
		HideSolutionNode = FALSE
	EndGlobalSection
	GlobalSection(ExtensibilityGlobals) = postSolution
		SolutionGuid = {A462B08E-DADE-4CC6-A9BF-EE9384C6A9A1}
	EndGlobalSection
EndGlobal
