
Microsoft Visual Studio Solution File, Format Version 12.00
# Visual Studio Version 16
VisualStudioVersion = 16.0.37206.5
MinimumVisualStudioVersion = 10.0.40219.1
Project("{FAE04EC0-301F-11D3-BF4B-00C04F79EFBC}") = "ClassMethodAssignment", "ClassMethodAssignment\ClassMethodAssignment.csproj", "{967CC6E8-3590-41A8-A24B-ECD4CCCEE27B}"
EndProject
Global
	GlobalSection(SolutionConfigurationPlatforms) = preSolution
		Debug|Any CPU = Debug|Any CPU
		Release|Any CPU = Release|Any CPU
	EndGlobalSection
	GlobalSection(ProjectConfigurationPlatforms) = postSolution
		{967CC6E8-3590-41A8-A24B-ECD4CCCEE27B}.Debug|Any CPU.ActiveCfg = Debug|Any CPU
		{967CC6E8-3590-41A8-A24B-ECD4CCCEE27B}.Debug|Any CPU.Build.0 = Debug|Any CPU
		{967CC6E8-3590-41A8-A24B-ECD4CCCEE27B}.Release|Any CPU.ActiveCfg = Release|Any CPU
		{967CC6E8-3590-41A8-A24B-ECD4CCCEE27B}.Release|Any CPU.Build.0 = Release|Any CPU
	EndGlobalSection
	GlobalSection(SolutionProperties) = preSolution
		HideSolutionNode = FALSE
	EndGlobalSection
	GlobalSection(ExtensibilityGlobals) = postSolution
		SolutionGuid = {CBFFDA8C-90AC-4BDB-BCBD-3A8906D460EA}
	EndGlobalSection
EndGlobal
