
Microsoft Visual Studio Solution File, Format Version 12.00
# Visual Studio Version 16
VisualStudioVersion = 16.0.37206.5
MinimumVisualStudioVersion = 10.0.40219.1
Project("{FAE04EC0-301F-11D3-BF4B-00C04F79EFBC}") = "CallingMethodsAssignment", "CallingMethodsAssignment\CallingMethodsAssignment.csproj", "{0444AB7F-1E73-4652-AD6F-85F1E481C159}"
EndProject
Global
	GlobalSection(SolutionConfigurationPlatforms) = preSolution
		Debug|Any CPU = Debug|Any CPU
		Release|Any CPU = Release|Any CPU
	EndGlobalSection
	GlobalSection(ProjectConfigurationPlatforms) = postSolution
		{0444AB7F-1E73-4652-AD6F-85F1E481C159}.Debug|Any CPU.ActiveCfg = Debug|Any CPU
		{0444AB7F-1E73-4652-AD6F-85F1E481C159}.Debug|Any CPU.Build.0 = Debug|Any CPU
		{0444AB7F-1E73-4652-AD6F-85F1E481C159}.Release|Any CPU.ActiveCfg = Release|Any CPU
		{0444AB7F-1E73-4652-AD6F-85F1E481C159}.Release|Any CPU.Build.0 = Release|Any CPU
	EndGlobalSection
	GlobalSection(SolutionProperties) = preSolution
		HideSolutionNode = FALSE
	EndGlobalSection
	GlobalSection(ExtensibilityGlobals) = postSolution
		SolutionGuid = {95E66931-FBCD-4B6F-92A9-BE798848F3FD}
	EndGlobalSection
EndGlobal
